
Microsoft Visual Studio Solution File, Format Version 12.00
# Visual Studio Version 16
VisualStudioVersion = 16.0.29911.84
MinimumVisualStudioVersion = 10.0.40219.1
Project("{FAE04EC0-301F-11D3-BF4B-00C04F79EFBC}") = "ppedv.ADC2020.Model", "ppedv.ADC2020.Model\ppedv.ADC2020.Model.csproj", "{54408B12-D793-410A-946E-8ABBF77218D4}"
EndProject
Project("{FAE04EC0-301F-11D3-BF4B-00C04F79EFBC}") = "ppedv.ADC2020.Data.EF", "ppedv.ADC2020.Data.EF\ppedv.ADC2020.Data.EF.csproj", "{F771CC6E-43C9-44EA-B668-FBF2F9626CF9}"
EndProject
Project("{FAE04EC0-301F-11D3-BF4B-00C04F79EFBC}") = "ppedv.ADC2020.Data.EF.Tests", "ppedv.ADC2020.Data.EF.Tests\ppedv.ADC2020.Data.EF.Tests.csproj", "{DED43728-5361-4849-ADF4-053139167375}"
EndProject
Project("{FAE04EC0-301F-11D3-BF4B-00C04F79EFBC}") = "ppedv.ADC2020.Logic", "ppedv.ADC2020.Logic\ppedv.ADC2020.Logic.csproj", "{240C4CBC-547A-4DB7-A810-E6A130E9791F}"
EndProject
Project("{2150E333-8FDC-42A3-9474-1A3956D46DE8}") = "Data", "Data", "{F258B333-E22A-448B-99EE-C78D48B60341}"
EndProject
Project("{2150E333-8FDC-42A3-9474-1A3956D46DE8}") = "DomainModel", "DomainModel", "{E9B0205A-4265-466B-B9E7-537ADFA86202}"
EndProject
Project("{2150E333-8FDC-42A3-9474-1A3956D46DE8}") = "Business", "Business", "{7D5F4A60-6D0B-4F5F-8E5F-9A0ACDBA7E13}"
EndProject
Project("{FAE04EC0-301F-11D3-BF4B-00C04F79EFBC}") = "ppedv.ADC2020.UI.DevConsole", "ppedv.ADC2020.UI.DevConsole\ppedv.ADC2020.UI.DevConsole.csproj", "{2DA91799-05DE-4FDC-8AEF-836C7158F085}"
EndProject
Project("{2150E333-8FDC-42A3-9474-1A3956D46DE8}") = "UI", "UI", "{C1B71724-747E-4076-9DD5-A9C738A13DFA}"
EndProject
Project("{FAE04EC0-301F-11D3-BF4B-00C04F79EFBC}") = "ppedv.ADC2020.Logic.Tests", "ppedv.ADC2020.Logic.Tests\ppedv.ADC2020.Logic.Tests.csproj", "{85780202-700E-4C70-A3F9-476D2A41B5DA}"
EndProject
Project("{FAE04EC0-301F-11D3-BF4B-00C04F79EFBC}") = "ppedv.ADC2020.UI.Web", "ppedv.ADC2020.UI.Web\ppedv.ADC2020.UI.Web.csproj", "{28423418-D38B-489A-AE8A-8CFF9DC237EB}"
EndProject
Project("{FAE04EC0-301F-11D3-BF4B-00C04F79EFBC}") = "ppedv.ADC2020.UI.WPF", "ppedv.ADC2020.UI.WPF\ppedv.ADC2020.UI.WPF.csproj", "{F70EC887-9324-41E9-BA0A-0C35275F7DC1}"
EndProject
Global
	GlobalSection(SolutionConfigurationPlatforms) = preSolution
		Debug|Any CPU = Debug|Any CPU
		Release|Any CPU = Release|Any CPU
	EndGlobalSection
	GlobalSection(ProjectConfigurationPlatforms) = postSolution
		{54408B12-D793-410A-946E-8ABBF77218D4}.Debug|Any CPU.ActiveCfg = Debug|Any CPU
		{54408B12-D793-410A-946E-8ABBF77218D4}.Debug|Any CPU.Build.0 = Debug|Any CPU
		{54408B12-D793-410A-946E-8ABBF77218D4}.Release|Any CPU.ActiveCfg = Release|Any CPU
		{54408B12-D793-410A-946E-8ABBF77218D4}.Release|Any CPU.Build.0 = Release|Any CPU
		{F771CC6E-43C9-44EA-B668-FBF2F9626CF9}.Debug|Any CPU.ActiveCfg = Debug|Any CPU
		{F771CC6E-43C9-44EA-B668-FBF2F9626CF9}.Debug|Any CPU.Build.0 = Debug|Any CPU
		{F771CC6E-43C9-44EA-B668-FBF2F9626CF9}.Release|Any CPU.ActiveCfg = Release|Any CPU
		{F771CC6E-43C9-44EA-B668-FBF2F9626CF9}.Release|Any CPU.Build.0 = Release|Any CPU
		{DED43728-5361-4849-ADF4-053139167375}.Debug|Any CPU.ActiveCfg = Debug|Any CPU
		{DED43728-5361-4849-ADF4-053139167375}.Debug|Any CPU.Build.0 = Debug|Any CPU
		{DED43728-5361-4849-ADF4-053139167375}.Release|Any CPU.ActiveCfg = Release|Any CPU
		{DED43728-5361-4849-ADF4-053139167375}.Release|Any CPU.Build.0 = Release|Any CPU
		{240C4CBC-547A-4DB7-A810-E6A130E9791F}.Debug|Any CPU.ActiveCfg = Debug|Any CPU
		{240C4CBC-547A-4DB7-A810-E6A130E9791F}.Debug|Any CPU.Build.0 = Debug|Any CPU
		{240C4CBC-547A-4DB7-A810-E6A130E9791F}.Release|Any CPU.ActiveCfg = Release|Any CPU
		{240C4CBC-547A-4DB7-A810-E6A130E9791F}.Release|Any CPU.Build.0 = Release|Any CPU
		{2DA91799-05DE-4FDC-8AEF-836C7158F085}.Debug|Any CPU.ActiveCfg = Debug|Any CPU
		{2DA91799-05DE-4FDC-8AEF-836C7158F085}.Debug|Any CPU.Build.0 = Debug|Any CPU
		{2DA91799-05DE-4FDC-8AEF-836C7158F085}.Release|Any CPU.ActiveCfg = Release|Any CPU
		{2DA91799-05DE-4FDC-8AEF-836C7158F085}.Release|Any CPU.Build.0 = Release|Any CPU
		{85780202-700E-4C70-A3F9-476D2A41B5DA}.Debug|Any CPU.ActiveCfg = Debug|Any CPU
		{85780202-700E-4C70-A3F9-476D2A41B5DA}.Debug|Any CPU.Build.0 = Debug|Any CPU
		{85780202-700E-4C70-A3F9-476D2A41B5DA}.Release|Any CPU.ActiveCfg = Release|Any CPU
		{85780202-700E-4C70-A3F9-476D2A41B5DA}.Release|Any CPU.Build.0 = Release|Any CPU
		{28423418-D38B-489A-AE8A-8CFF9DC237EB}.Debug|Any CPU.ActiveCfg = Debug|Any CPU
		{28423418-D38B-489A-AE8A-8CFF9DC237EB}.Debug|Any CPU.Build.0 = Debug|Any CPU
		{28423418-D38B-489A-AE8A-8CFF9DC237EB}.Release|Any CPU.ActiveCfg = Release|Any CPU
		{28423418-D38B-489A-AE8A-8CFF9DC237EB}.Release|Any CPU.Build.0 = Release|Any CPU
		{F70EC887-9324-41E9-BA0A-0C35275F7DC1}.Debug|Any CPU.ActiveCfg = Debug|Any CPU
		{F70EC887-9324-41E9-BA0A-0C35275F7DC1}.Debug|Any CPU.Build.0 = Debug|Any CPU
		{F70EC887-9324-41E9-BA0A-0C35275F7DC1}.Release|Any CPU.ActiveCfg = Release|Any CPU
		{F70EC887-9324-41E9-BA0A-0C35275F7DC1}.Release|Any CPU.Build.0 = Release|Any CPU
	EndGlobalSection
	GlobalSection(SolutionProperties) = preSolution
		HideSolutionNode = FALSE
	EndGlobalSection
	GlobalSection(NestedProjects) = preSolution
		{54408B12-D793-410A-946E-8ABBF77218D4} = {E9B0205A-4265-466B-B9E7-537ADFA86202}
		{F771CC6E-43C9-44EA-B668-FBF2F9626CF9} = {F258B333-E22A-448B-99EE-C78D48B60341}
		{DED43728-5361-4849-ADF4-053139167375} = {F258B333-E22A-448B-99EE-C78D48B60341}
		{240C4CBC-547A-4DB7-A810-E6A130E9791F} = {7D5F4A60-6D0B-4F5F-8E5F-9A0ACDBA7E13}
		{2DA91799-05DE-4FDC-8AEF-836C7158F085} = {C1B71724-747E-4076-9DD5-A9C738A13DFA}
		{85780202-700E-4C70-A3F9-476D2A41B5DA} = {7D5F4A60-6D0B-4F5F-8E5F-9A0ACDBA7E13}
		{28423418-D38B-489A-AE8A-8CFF9DC237EB} = {C1B71724-747E-4076-9DD5-A9C738A13DFA}
		{F70EC887-9324-41E9-BA0A-0C35275F7DC1} = {C1B71724-747E-4076-9DD5-A9C738A13DFA}
	EndGlobalSection
	GlobalSection(ExtensibilityGlobals) = postSolution
		SolutionGuid = {8A0AA7EA-898B-43DA-B550-CAE109AB515A}
	EndGlobalSection
EndGlobal
